# This file is automatically @generated by Cargo.
# It is not intended for manual editing.
version = 3

[[package]]
name = "nanohtml2text"
version = "0.1.4"
source = "registry+https://github.com/rust-lang/crates.io-index"
checksum = "999681fe3c0524336e98ece1c25ee4278607f25cc1e361ad0f9201c8bf56dc2c"

[[package]]
name = "seekr"
version = "0.1.0"
dependencies = [
 "nanohtml2text",
]
